
Microsoft Visual Studio Solution File, Format Version 12.00
# Visual Studio Version 17
VisualStudioVersion = 17.8.34316.72
MinimumVisualStudioVersion = 10.0.40219.1
Project("{FAE04EC0-301F-11D3-BF4B-00C04F79EFBC}") = "Capstone v2", "Capstone v2\Capstone v2.csproj", "{DD06CE90-2858-409C-8D31-278EA0A35458}"
EndProject
Global
	GlobalSection(SolutionConfigurationPlatforms) = preSolution
		Debug|Any CPU = Debug|Any CPU
		Release|Any CPU = Release|Any CPU
	EndGlobalSection
	GlobalSection(ProjectConfigurationPlatforms) = postSolution
		{DD06CE90-2858-409C-8D31-278EA0A35458}.Debug|Any CPU.ActiveCfg = Debug|Any CPU
		{DD06CE90-2858-409C-8D31-278EA0A35458}.Debug|Any CPU.Build.0 = Debug|Any CPU
		{DD06CE90-2858-409C-8D31-278EA0A35458}.Release|Any CPU.ActiveCfg = Release|Any CPU
		{DD06CE90-2858-409C-8D31-278EA0A35458}.Release|Any CPU.Build.0 = Release|Any CPU
	EndGlobalSection
	GlobalSection(SolutionProperties) = preSolution
		HideSolutionNode = FALSE
	EndGlobalSection
	GlobalSection(ExtensibilityGlobals) = postSolution
		SolutionGuid = {D61825B6-5E6D-4C6B-8B46-036DA8B1023F}
	EndGlobalSection
EndGlobal
